// !$*UTF8*$!
{
	archiveVersion = 1;
	classes = {
	};
	objectVersion = 46;
	objects = {

/* Begin PBXBuildFile section */
		256AC3DA0F4B6AC300CF3369 /* TeaLeafAppDelegate.m in Sources */ = {isa = PBXBuildFile; fileRef = 256AC3D90F4B6AC300CF3369 /* TeaLeafAppDelegate.m */; };
		7D0E04C71153B153007C3CFE /* ServiceConfigController.m in Sources */ = {isa = PBXBuildFile; fileRef = 7D0E04C61153B153007C3CFE /* ServiceConfigController.m */; };
		7D1DD717114D230C00FE9FA3 /* FileServiceConfigView.xib in Resources */ = {isa = PBXBuildFile; fileRef = 7D1DD716114D230C00FE9FA3 /* FileServiceConfigView.xib */; };
		7D1DD71A114D235E00FE9FA3 /* FileServiceConfigController.m in Sources */ = {isa = PBXBuildFile; fileRef = 7D1DD719114D235E00FE9FA3 /* FileServiceConfigController.m */; };
		7D1DD763114D76B600FE9FA3 /* daemon_started.png in Resources */ = {isa = PBXBuildFile; fileRef = 7D1DD761114D76B600FE9FA3 /* daemon_started.png */; };
		7D1DD764114D76B600FE9FA3 /* daemon_stopped.png in Resources */ = {isa = PBXBuildFile; fileRef = 7D1DD762114D76B600FE9FA3 /* daemon_stopped.png */; };
		7D2B51A71156762C00A68F2E /* PreferencesController.m in Sources */ = {isa = PBXBuildFile; fileRef = 7D2B51A61156762C00A68F2E /* PreferencesController.m */; };
		7D2B51A91156767200A68F2E /* Preferences.xib in Resources */ = {isa = PBXBuildFile; fileRef = 7D2B51A81156767200A68F2E /* Preferences.xib */; };
		7D31D11E10F9DB7000DAFC6F /* MainMenu.xib in Resources */ = {isa = PBXBuildFile; fileRef = 7D31D11D10F9DB7000DAFC6F /* MainMenu.xib */; };
		7D3F68B11155263100008258 /* TwitterServiceConfigController.m in Sources */ = {isa = PBXBuildFile; fileRef = 7D3F68AF1155263100008258 /* TwitterServiceConfigController.m */; };
		7D3F68B21155263100008258 /* TwitterServiceConfigView.xib in Resources */ = {isa = PBXBuildFile; fileRef = 7D3F68B01155263100008258 /* TwitterServiceConfigView.xib */; };
		7D4AB4991150C77D00C14940 /* ServiceTypes.plist in Resources */ = {isa = PBXBuildFile; fileRef = 7D4AB4981150C77D00C14940 /* ServiceTypes.plist */; };
		7D4AB4DA115106F300C14940 /* BWToolkitFramework.framework in Frameworks */ = {isa = PBXBuildFile; fileRef = 7D4AB4D9115106F300C14940 /* BWToolkitFramework.framework */; };
		7D4AB5101151075E00C14940 /* BWToolkitFramework.framework in CopyFiles */ = {isa = PBXBuildFile; fileRef = 7D4AB4D9115106F300C14940 /* BWToolkitFramework.framework */; };
		7D5D4AE31163D2920087B95A /* FileMessagingService.m in Sources */ = {isa = PBXBuildFile; fileRef = 7DA93C081163BDCD00323BF3 /* FileMessagingService.m */; };
		7D5D4AE61163D3E20087B95A /* MessagingServicesManager.m in Sources */ = {isa = PBXBuildFile; fileRef = 7D5D4AE51163D3E20087B95A /* MessagingServicesManager.m */; };
		7D5D4AEE1163D9560087B95A /* Globals.m in Sources */ = {isa = PBXBuildFile; fileRef = 7D31D0FD10F9D70000DAFC6F /* Globals.m */; };
		7D5D4AEF1163D9630087B95A /* Globals.m in Sources */ = {isa = PBXBuildFile; fileRef = 7D31D0FD10F9D70000DAFC6F /* Globals.m */; };
		7D5D4B3411664B830087B95A /* NSString+UUID.m in Sources */ = {isa = PBXBuildFile; fileRef = 7D5D4B3311664B830087B95A /* NSString+UUID.m */; };
		7D673753118CCB92002CCD49 /* SenTestingKit.framework in Frameworks */ = {isa = PBXBuildFile; fileRef = 7D673752118CCB92002CCD49 /* SenTestingKit.framework */; };
		7D722D09118CCCBD00648F39 /* TestFileMessagingService.m in Sources */ = {isa = PBXBuildFile; fileRef = 7D67374A118CC209002CCD49 /* TestFileMessagingService.m */; };
		7D722D46118CCE9A00648F39 /* Globals.m in Sources */ = {isa = PBXBuildFile; fileRef = 7D31D0FD10F9D70000DAFC6F /* Globals.m */; };
		7D722D77118CD71E00648F39 /* FileMessagingService.m in Sources */ = {isa = PBXBuildFile; fileRef = 7DA93C081163BDCD00323BF3 /* FileMessagingService.m */; };
		7D722D7A118CD72D00648F39 /* MessagingService.m in Sources */ = {isa = PBXBuildFile; fileRef = 7DA93C051163BCF400323BF3 /* MessagingService.m */; };
		7D722DB9118CDE9D00648F39 /* NSString+UUID.m in Sources */ = {isa = PBXBuildFile; fileRef = 7D5D4B3311664B830087B95A /* NSString+UUID.m */; };
		7DA93C261163BE6900323BF3 /* MessagingService.m in Sources */ = {isa = PBXBuildFile; fileRef = 7DA93C051163BCF400323BF3 /* MessagingService.m */; };
		7DA93C271163BEA800323BF3 /* tealeafdaemon.m in Sources */ = {isa = PBXBuildFile; fileRef = 7D31D23010F9FD1C00DAFC6F /* tealeafdaemon.m */; };
		7DA93C70116479CB00323BF3 /* MainController.m in Sources */ = {isa = PBXBuildFile; fileRef = 7DA93C6F116479CB00323BF3 /* MainController.m */; };
		8D11072B0486CEB800E47090 /* InfoPlist.strings in Resources */ = {isa = PBXBuildFile; fileRef = 089C165CFE840E0CC02AAC07 /* InfoPlist.strings */; };
		8D11072D0486CEB800E47090 /* main.m in Sources */ = {isa = PBXBuildFile; fileRef = 29B97316FDCFA39411CA2CEA /* main.m */; settings = {ATTRIBUTES = (); }; };
		8D11072F0486CEB800E47090 /* Cocoa.framework in Frameworks */ = {isa = PBXBuildFile; fileRef = 1058C7A1FEA54F0111CA2CBB /* Cocoa.framework */; };
/* End PBXBuildFile section */

/* Begin PBXContainerItemProxy section */
		7D722E1C118CE82500648F39 /* PBXContainerItemProxy */ = {
			isa = PBXContainerItemProxy;
			containerPortal = 29B97313FDCFA39411CA2CEA /* Project object */;
			proxyType = 1;
			remoteGlobalIDString = 7D673743118CC1E6002CCD49 /* UnitTests */;
			remoteInfo = UnitTests;
		};
/* End PBXContainerItemProxy section */

/* Begin PBXCopyFilesBuildPhase section */
		7D4AB4DF1151074F00C14940 /* CopyFiles */ = {
			isa = PBXCopyFilesBuildPhase;
			buildActionMask = 2147483647;
			dstPath = "";
			dstSubfolderSpec = 10;
			files = (
				7D4AB5101151075E00C14940 /* BWToolkitFramework.framework in CopyFiles */,
			);
			runOnlyForDeploymentPostprocessing = 0;
		};
/* End PBXCopyFilesBuildPhase section */

/* Begin PBXFileReference section */
		089C165DFE840E0CC02AAC07 /* English */ = {isa = PBXFileReference; fileEncoding = 4; lastKnownFileType = text.plist.strings; name = English; path = English.lproj/InfoPlist.strings; sourceTree = "<group>"; };
		1058C7A1FEA54F0111CA2CBB /* Cocoa.framework */ = {isa = PBXFileReference; lastKnownFileType = wrapper.framework; name = Cocoa.framework; path = /System/Library/Frameworks/Cocoa.framework; sourceTree = "<absolute>"; };
		13E42FB307B3F0F600E4EEF1 /* CoreData.framework */ = {isa = PBXFileReference; lastKnownFileType = wrapper.framework; name = CoreData.framework; path = /System/Library/Frameworks/CoreData.framework; sourceTree = "<absolute>"; };
		256AC3D80F4B6AC300CF3369 /* TeaLeafAppDelegate.h */ = {isa = PBXFileReference; fileEncoding = 4; lastKnownFileType = sourcecode.c.h; path = TeaLeafAppDelegate.h; sourceTree = "<group>"; };
		256AC3D90F4B6AC300CF3369 /* TeaLeafAppDelegate.m */ = {isa = PBXFileReference; fileEncoding = 4; lastKnownFileType = sourcecode.c.objc; path = TeaLeafAppDelegate.m; sourceTree = "<group>"; };
		256AC3F00F4B6AF500CF3369 /* TeaLeaf_Prefix.pch */ = {isa = PBXFileReference; fileEncoding = 4; lastKnownFileType = sourcecode.c.h; path = TeaLeaf_Prefix.pch; sourceTree = "<group>"; };
		29B97316FDCFA39411CA2CEA /* main.m */ = {isa = PBXFileReference; fileEncoding = 4; lastKnownFileType = sourcecode.c.objc; path = main.m; sourceTree = "<group>"; };
		29B97324FDCFA39411CA2CEA /* AppKit.framework */ = {isa = PBXFileReference; lastKnownFileType = wrapper.framework; name = AppKit.framework; path = /System/Library/Frameworks/AppKit.framework; sourceTree = "<absolute>"; };
		29B97325FDCFA39411CA2CEA /* Foundation.framework */ = {isa = PBXFileReference; lastKnownFileType = wrapper.framework; name = Foundation.framework; path = /System/Library/Frameworks/Foundation.framework; sourceTree = "<absolute>"; };
		7D0E04C51153B153007C3CFE /* ServiceConfigController.h */ = {isa = PBXFileReference; fileEncoding = 4; lastKnownFileType = sourcecode.c.h; path = ServiceConfigController.h; sourceTree = "<group>"; };
		7D0E04C61153B153007C3CFE /* ServiceConfigController.m */ = {isa = PBXFileReference; fileEncoding = 4; lastKnownFileType = sourcecode.c.objc; path = ServiceConfigController.m; sourceTree = "<group>"; };
		7D1DD716114D230C00FE9FA3 /* FileServiceConfigView.xib */ = {isa = PBXFileReference; lastKnownFileType = file.xib; path = FileServiceConfigView.xib; sourceTree = "<group>"; };
		7D1DD718114D235E00FE9FA3 /* FileServiceConfigController.h */ = {isa = PBXFileReference; fileEncoding = 4; lastKnownFileType = sourcecode.c.h; path = FileServiceConfigController.h; sourceTree = "<group>"; };
		7D1DD719114D235E00FE9FA3 /* FileServiceConfigController.m */ = {isa = PBXFileReference; fileEncoding = 4; lastKnownFileType = sourcecode.c.objc; path = FileServiceConfigController.m; sourceTree = "<group>"; };
		7D1DD761114D76B600FE9FA3 /* daemon_started.png */ = {isa = PBXFileReference; lastKnownFileType = image.png; path = daemon_started.png; sourceTree = "<group>"; };
		7D1DD762114D76B600FE9FA3 /* daemon_stopped.png */ = {isa = PBXFileReference; lastKnownFileType = image.png; path = daemon_stopped.png; sourceTree = "<group>"; };
		7D2B51A51156762C00A68F2E /* PreferencesController.h */ = {isa = PBXFileReference; fileEncoding = 4; lastKnownFileType = sourcecode.c.h; path = PreferencesController.h; sourceTree = "<group>"; };
		7D2B51A61156762C00A68F2E /* PreferencesController.m */ = {isa = PBXFileReference; fileEncoding = 4; lastKnownFileType = sourcecode.c.objc; path = PreferencesController.m; sourceTree = "<group>"; };
		7D2B51A81156767200A68F2E /* Preferences.xib */ = {isa = PBXFileReference; lastKnownFileType = file.xib; path = Preferences.xib; sourceTree = "<group>"; };
		7D31D0FC10F9D70000DAFC6F /* Globals.h */ = {isa = PBXFileReference; fileEncoding = 4; lastKnownFileType = sourcecode.c.h; path = Globals.h; sourceTree = "<group>"; };
		7D31D0FD10F9D70000DAFC6F /* Globals.m */ = {isa = PBXFileReference; fileEncoding = 4; lastKnownFileType = sourcecode.c.objc; path = Globals.m; sourceTree = "<group>"; };
		7D31D11D10F9DB7000DAFC6F /* MainMenu.xib */ = {isa = PBXFileReference; lastKnownFileType = file.xib; path = MainMenu.xib; sourceTree = "<group>"; };
		7D31D23010F9FD1C00DAFC6F /* tealeafdaemon.m */ = {isa = PBXFileReference; fileEncoding = 4; lastKnownFileType = sourcecode.c.objc; path = tealeafdaemon.m; sourceTree = "<group>"; };
		7D3F68AE1155263100008258 /* TwitterServiceConfigController.h */ = {isa = PBXFileReference; fileEncoding = 4; lastKnownFileType = sourcecode.c.h; path = TwitterServiceConfigController.h; sourceTree = "<group>"; };
		7D3F68AF1155263100008258 /* TwitterServiceConfigController.m */ = {isa = PBXFileReference; fileEncoding = 4; lastKnownFileType = sourcecode.c.objc; path = TwitterServiceConfigController.m; sourceTree = "<group>"; };
		7D3F68B01155263100008258 /* TwitterServiceConfigView.xib */ = {isa = PBXFileReference; lastKnownFileType = file.xib; path = TwitterServiceConfigView.xib; sourceTree = "<group>"; };
		7D4AB4981150C77D00C14940 /* ServiceTypes.plist */ = {isa = PBXFileReference; fileEncoding = 4; lastKnownFileType = text.plist.xml; path = ServiceTypes.plist; sourceTree = "<group>"; };
		7D4AB4D9115106F300C14940 /* BWToolkitFramework.framework */ = {isa = PBXFileReference; lastKnownFileType = wrapper.framework; name = BWToolkitFramework.framework; path = /Users/rbt/Development/BWToolkit/BWToolkitFramework.framework; sourceTree = "<absolute>"; };
		7D5D4A8011627D8C0087B95A /* Class Diagram.pdf */ = {isa = PBXFileReference; lastKnownFileType = image.pdf; path = "Class Diagram.pdf"; sourceTree = "<group>"; };
		7D5D4AE41163D3E20087B95A /* MessagingServicesManager.h */ = {isa = PBXFileReference; fileEncoding = 4; lastKnownFileType = sourcecode.c.h; path = MessagingServicesManager.h; sourceTree = "<group>"; };
		7D5D4AE51163D3E20087B95A /* MessagingServicesManager.m */ = {isa = PBXFileReference; fileEncoding = 4; lastKnownFileType = sourcecode.c.objc; path = MessagingServicesManager.m; sourceTree = "<group>"; };
		7D5D4B3211664B830087B95A /* NSString+UUID.h */ = {isa = PBXFileReference; fileEncoding = 4; lastKnownFileType = sourcecode.c.h; path = "NSString+UUID.h"; sourceTree = "<group>"; };
		7D5D4B3311664B830087B95A /* NSString+UUID.m */ = {isa = PBXFileReference; fileEncoding = 4; lastKnownFileType = sourcecode.c.objc; path = "NSString+UUID.m"; sourceTree = "<group>"; };
		7D67361F118C9A73002CCD49 /* MessagingServiceDelegateProtocol.h */ = {isa = PBXFileReference; fileEncoding = 4; lastKnownFileType = sourcecode.c.h; path = MessagingServiceDelegateProtocol.h; sourceTree = "<group>"; };
		7D673739118CBC9A002CCD49 /* TestFileMessagingService-Info.plist */ = {isa = PBXFileReference; lastKnownFileType = text.plist.xml; path = "TestFileMessagingService-Info.plist"; sourceTree = "<group>"; };
		7D673744118CC1E6002CCD49 /* UnitTests.octest */ = {isa = PBXFileReference; explicitFileType = wrapper.cfbundle; includeInIndex = 0; path = UnitTests.octest; sourceTree = BUILT_PRODUCTS_DIR; };
		7D673745118CC1E6002CCD49 /* UnitTests-Info.plist */ = {isa = PBXFileReference; lastKnownFileType = text.plist.xml; path = "UnitTests-Info.plist"; sourceTree = "<group>"; };
		7D673749118CC209002CCD49 /* TestFileMessagingService.h */ = {isa = PBXFileReference; fileEncoding = 4; lastKnownFileType = sourcecode.c.h; path = TestFileMessagingService.h; sourceTree = "<group>"; };
		7D67374A118CC209002CCD49 /* TestFileMessagingService.m */ = {isa = PBXFileReference; fileEncoding = 4; lastKnownFileType = sourcecode.c.objc; path = TestFileMessagingService.m; sourceTree = "<group>"; };
		7D673752118CCB92002CCD49 /* SenTestingKit.framework */ = {isa = PBXFileReference; lastKnownFileType = wrapper.framework; name = SenTestingKit.framework; path = Library/Frameworks/SenTestingKit.framework; sourceTree = DEVELOPER_DIR; };
		7DA93C041163BCF400323BF3 /* MessagingService.h */ = {isa = PBXFileReference; fileEncoding = 4; lastKnownFileType = sourcecode.c.h; path = MessagingService.h; sourceTree = "<group>"; };
		7DA93C051163BCF400323BF3 /* MessagingService.m */ = {isa = PBXFileReference; fileEncoding = 4; lastKnownFileType = sourcecode.c.objc; path = MessagingService.m; sourceTree = "<group>"; };
		7DA93C071163BDCD00323BF3 /* FileMessagingService.h */ = {isa = PBXFileReference; fileEncoding = 4; lastKnownFileType = sourcecode.c.h; path = FileMessagingService.h; sourceTree = "<group>"; };
		7DA93C081163BDCD00323BF3 /* FileMessagingService.m */ = {isa = PBXFileReference; fileEncoding = 4; lastKnownFileType = sourcecode.c.objc; path = FileMessagingService.m; sourceTree = "<group>"; };
		7DA93C211163BE4200323BF3 /* uk.co.swandrift.tealeaf */ = {isa = PBXFileReference; explicitFileType = "compiled.mach-o.executable"; includeInIndex = 0; path = uk.co.swandrift.tealeaf; sourceTree = BUILT_PRODUCTS_DIR; };
		7DA93C6E116479CB00323BF3 /* MainController.h */ = {isa = PBXFileReference; fileEncoding = 4; lastKnownFileType = sourcecode.c.h; path = MainController.h; sourceTree = "<group>"; };
		7DA93C6F116479CB00323BF3 /* MainController.m */ = {isa = PBXFileReference; fileEncoding = 4; lastKnownFileType = sourcecode.c.objc; path = MainController.m; sourceTree = "<group>"; };
		7DFECCD41142A9D000AA2151 /* TODO */ = {isa = PBXFileReference; explicitFileType = text; fileEncoding = 4; path = TODO; sourceTree = "<group>"; };
		7DFECCD51142AA0500AA2151 /* LICENSE */ = {isa = PBXFileReference; fileEncoding = 4; lastKnownFileType = text; path = LICENSE; sourceTree = "<group>"; };
		7DFECCD61142AADA00AA2151 /* README */ = {isa = PBXFileReference; fileEncoding = 4; lastKnownFileType = text; path = README; sourceTree = "<group>"; };
		8D1107310486CEB800E47090 /* TeaLeaf-Info.plist */ = {isa = PBXFileReference; fileEncoding = 4; lastKnownFileType = text.plist.xml; path = "TeaLeaf-Info.plist"; sourceTree = "<group>"; };
		8D1107320486CEB800E47090 /* TeaLeaf.app */ = {isa = PBXFileReference; explicitFileType = wrapper.application; includeInIndex = 0; path = TeaLeaf.app; sourceTree = BUILT_PRODUCTS_DIR; };
/* End PBXFileReference section */

/* Begin PBXFrameworksBuildPhase section */
		7D673741118CC1E6002CCD49 /* Frameworks */ = {
			isa = PBXFrameworksBuildPhase;
			buildActionMask = 2147483647;
			files = (
				7D673753118CCB92002CCD49 /* SenTestingKit.framework in Frameworks */,
			);
			runOnlyForDeploymentPostprocessing = 0;
		};
		7DA93C1F1163BE4200323BF3 /* Frameworks */ = {
			isa = PBXFrameworksBuildPhase;
			buildActionMask = 2147483647;
			files = (
			);
			runOnlyForDeploymentPostprocessing = 0;
		};
		8D11072E0486CEB800E47090 /* Frameworks */ = {
			isa = PBXFrameworksBuildPhase;
			buildActionMask = 2147483647;
			files = (
				8D11072F0486CEB800E47090 /* Cocoa.framework in Frameworks */,
				7D4AB4DA115106F300C14940 /* BWToolkitFramework.framework in Frameworks */,
			);
			runOnlyForDeploymentPostprocessing = 0;
		};
/* End PBXFrameworksBuildPhase section */

/* Begin PBXGroup section */
		1058C7A0FEA54F0111CA2CBB /* Linked Frameworks */ = {
			isa = PBXGroup;
			children = (
				1058C7A1FEA54F0111CA2CBB /* Cocoa.framework */,
				7D4AB4D9115106F300C14940 /* BWToolkitFramework.framework */,
				7D673752118CCB92002CCD49 /* SenTestingKit.framework */,
			);
			name = "Linked Frameworks";
			sourceTree = "<group>";
		};
		1058C7A2FEA54F0111CA2CBB /* Other Frameworks */ = {
			isa = PBXGroup;
			children = (
				29B97324FDCFA39411CA2CEA /* AppKit.framework */,
				13E42FB307B3F0F600E4EEF1 /* CoreData.framework */,
				29B97325FDCFA39411CA2CEA /* Foundation.framework */,
			);
			name = "Other Frameworks";
			sourceTree = "<group>";
		};
		19C28FACFE9D520D11CA2CBB /* Products */ = {
			isa = PBXGroup;
			children = (
				8D1107320486CEB800E47090 /* TeaLeaf.app */,
				7DA93C211163BE4200323BF3 /* uk.co.swandrift.tealeaf */,
				7D673744118CC1E6002CCD49 /* UnitTests.octest */,
			);
			name = Products;
			sourceTree = "<group>";
		};
		29B97314FDCFA39411CA2CEA /* TeaLeaf */ = {
			isa = PBXGroup;
			children = (
				7D5D4B3211664B830087B95A /* NSString+UUID.h */,
				7D5D4B3311664B830087B95A /* NSString+UUID.m */,
				7D31D0FC10F9D70000DAFC6F /* Globals.h */,
				7D31D0FD10F9D70000DAFC6F /* Globals.m */,
				7D31D0F310F9D6C900DAFC6F /* Tea Leaf Config App */,
				7D31D1DA10F9FB2700DAFC6F /* Daemon */,
				29B97323FDCFA39411CA2CEA /* Frameworks */,
				19C28FACFE9D520D11CA2CBB /* Products */,
				7D5D4A8011627D8C0087B95A /* Class Diagram.pdf */,
				7DFECCD41142A9D000AA2151 /* TODO */,
				7DFECCD51142AA0500AA2151 /* LICENSE */,
				7DFECCD61142AADA00AA2151 /* README */,
				7D673739118CBC9A002CCD49 /* TestFileMessagingService-Info.plist */,
				7D673745118CC1E6002CCD49 /* UnitTests-Info.plist */,
			);
			name = TeaLeaf;
			sourceTree = "<group>";
		};
		29B97315FDCFA39411CA2CEA /* Other Sources */ = {
			isa = PBXGroup;
			children = (
				256AC3F00F4B6AF500CF3369 /* TeaLeaf_Prefix.pch */,
				29B97316FDCFA39411CA2CEA /* main.m */,
			);
			name = "Other Sources";
			sourceTree = "<group>";
		};
		29B97323FDCFA39411CA2CEA /* Frameworks */ = {
			isa = PBXGroup;
			children = (
				1058C7A0FEA54F0111CA2CBB /* Linked Frameworks */,
				1058C7A2FEA54F0111CA2CBB /* Other Frameworks */,
			);
			name = Frameworks;
			sourceTree = "<group>";
		};
		7D1DD707114D0CEC00FE9FA3 /* Config Views */ = {
			isa = PBXGroup;
			children = (
				7D0E04C51153B153007C3CFE /* ServiceConfigController.h */,
				7D0E04C61153B153007C3CFE /* ServiceConfigController.m */,
				7D1DD70B114D213400FE9FA3 /* File */,
				7D1DD708114D0CFA00FE9FA3 /* Twitter */,
			);
			name = "Config Views";
			sourceTree = "<group>";
		};
		7D1DD708114D0CFA00FE9FA3 /* Twitter */ = {
			isa = PBXGroup;
			children = (
				7D3F68AE1155263100008258 /* TwitterServiceConfigController.h */,
				7D3F68AF1155263100008258 /* TwitterServiceConfigController.m */,
				7D3F68B01155263100008258 /* TwitterServiceConfigView.xib */,
			);
			name = Twitter;
			sourceTree = "<group>";
		};
		7D1DD70B114D213400FE9FA3 /* File */ = {
			isa = PBXGroup;
			children = (
				7D1DD716114D230C00FE9FA3 /* FileServiceConfigView.xib */,
				7D1DD718114D235E00FE9FA3 /* FileServiceConfigController.h */,
				7D1DD719114D235E00FE9FA3 /* FileServiceConfigController.m */,
			);
			name = File;
			sourceTree = "<group>";
		};
		7D1DD712114D21B300FE9FA3 /* Main Controllers */ = {
			isa = PBXGroup;
			children = (
				256AC3D90F4B6AC300CF3369 /* TeaLeafAppDelegate.m */,
				256AC3D80F4B6AC300CF3369 /* TeaLeafAppDelegate.h */,
				7D2B51A51156762C00A68F2E /* PreferencesController.h */,
				7D2B51A61156762C00A68F2E /* PreferencesController.m */,
				7D1DD75C114D729C00FE9FA3 /* Resources */,
			);
			name = "Main Controllers";
			sourceTree = "<group>";
		};
		7D1DD75C114D729C00FE9FA3 /* Resources */ = {
			isa = PBXGroup;
			children = (
				7D1DD761114D76B600FE9FA3 /* daemon_started.png */,
				7D1DD762114D76B600FE9FA3 /* daemon_stopped.png */,
				7D31D11D10F9DB7000DAFC6F /* MainMenu.xib */,
				8D1107310486CEB800E47090 /* TeaLeaf-Info.plist */,
				089C165CFE840E0CC02AAC07 /* InfoPlist.strings */,
				7D4AB4981150C77D00C14940 /* ServiceTypes.plist */,
				7D2B51A81156767200A68F2E /* Preferences.xib */,
			);
			name = Resources;
			sourceTree = "<group>";
		};
		7D31D0F310F9D6C900DAFC6F /* Tea Leaf Config App */ = {
			isa = PBXGroup;
			children = (
				7D1DD712114D21B300FE9FA3 /* Main Controllers */,
				7D1DD707114D0CEC00FE9FA3 /* Config Views */,
				29B97315FDCFA39411CA2CEA /* Other Sources */,
			);
			name = "Tea Leaf Config App";
			sourceTree = "<group>";
		};
		7D31D1DA10F9FB2700DAFC6F /* Daemon */ = {
			isa = PBXGroup;
			children = (
				7D673722118CBB9E002CCD49 /* Unit Tests */,
				7D31D23010F9FD1C00DAFC6F /* tealeafdaemon.m */,
				7DA93C6E116479CB00323BF3 /* MainController.h */,
				7DA93C6F116479CB00323BF3 /* MainController.m */,
				7D5D4A9311627F290087B95A /* Messaging */,
			);
			name = Daemon;
			sourceTree = "<group>";
		};
		7D5D4A9311627F290087B95A /* Messaging */ = {
			isa = PBXGroup;
			children = (
				7D5D4AE41163D3E20087B95A /* MessagingServicesManager.h */,
				7D5D4AE51163D3E20087B95A /* MessagingServicesManager.m */,
				7D67361F118C9A73002CCD49 /* MessagingServiceDelegateProtocol.h */,
				7DA93C041163BCF400323BF3 /* MessagingService.h */,
				7DA93C051163BCF400323BF3 /* MessagingService.m */,
				7D5D4B5C116657640087B95A /* Twitter */,
				7D5D4B5B1166575A0087B95A /* File */,
			);
			name = Messaging;
			sourceTree = "<group>";
		};
		7D5D4B5B1166575A0087B95A /* File */ = {
			isa = PBXGroup;
			children = (
				7DA93C071163BDCD00323BF3 /* FileMessagingService.h */,
				7DA93C081163BDCD00323BF3 /* FileMessagingService.m */,
			);
			name = File;
			sourceTree = "<group>";
		};
		7D5D4B5C116657640087B95A /* Twitter */ = {
			isa = PBXGroup;
			children = (
			);
			name = Twitter;
			sourceTree = "<group>";
		};
		7D673722118CBB9E002CCD49 /* Unit Tests */ = {
			isa = PBXGroup;
			children = (
				7D673749118CC209002CCD49 /* TestFileMessagingService.h */,
				7D67374A118CC209002CCD49 /* TestFileMessagingService.m */,
			);
			name = "Unit Tests";
			sourceTree = "<group>";
		};
/* End PBXGroup section */

/* Begin PBXNativeTarget section */
		7D673743118CC1E6002CCD49 /* UnitTests */ = {
			isa = PBXNativeTarget;
			buildConfigurationList = 7D673748118CC1E7002CCD49 /* Build configuration list for PBXNativeTarget "UnitTests" */;
			buildPhases = (
				7D67373F118CC1E6002CCD49 /* Resources */,
				7D673740118CC1E6002CCD49 /* Sources */,
				7D673741118CC1E6002CCD49 /* Frameworks */,
				7D673742118CC1E6002CCD49 /* ShellScript */,
			);
			buildRules = (
			);
			dependencies = (
			);
			name = UnitTests;
			productName = UnitTests;
			productReference = 7D673744118CC1E6002CCD49 /* UnitTests.octest */;
			productType = "com.apple.product-type.bundle";
		};
		7DA93C201163BE4200323BF3 /* uk.co.swandrift.tealeaf */ = {
			isa = PBXNativeTarget;
			buildConfigurationList = 7DA93C251163BE6300323BF3 /* Build configuration list for PBXNativeTarget "uk.co.swandrift.tealeaf" */;
			buildPhases = (
				7DA93C1E1163BE4200323BF3 /* Sources */,
				7DA93C1F1163BE4200323BF3 /* Frameworks */,
			);
			buildRules = (
			);
			dependencies = (
				7D722E1D118CE82500648F39 /* PBXTargetDependency */,
			);
			name = uk.co.swandrift.tealeaf;
			productName = uk.co.swandrift.tealeaf;
			productReference = 7DA93C211163BE4200323BF3 /* uk.co.swandrift.tealeaf */;
			productType = "com.apple.product-type.tool";
		};
		8D1107260486CEB800E47090 /* TeaLeaf */ = {
			isa = PBXNativeTarget;
			buildConfigurationList = C01FCF4A08A954540054247B /* Build configuration list for PBXNativeTarget "TeaLeaf" */;
			buildPhases = (
				8D1107290486CEB800E47090 /* Resources */,
				8D11072C0486CEB800E47090 /* Sources */,
				8D11072E0486CEB800E47090 /* Frameworks */,
				7D4AB4DF1151074F00C14940 /* CopyFiles */,
			);
			buildRules = (
			);
			dependencies = (
			);
			name = TeaLeaf;
			productInstallPath = "$(HOME)/Applications";
			productName = TeaLeaf;
			productReference = 8D1107320486CEB800E47090 /* TeaLeaf.app */;
			productType = "com.apple.product-type.application";
		};
/* End PBXNativeTarget section */

/* Begin PBXProject section */
		29B97313FDCFA39411CA2CEA /* Project object */ = {
			isa = PBXProject;
			buildConfigurationList = C01FCF4E08A954540054247B /* Build configuration list for PBXProject "TeaLeaf" */;
			compatibilityVersion = "Xcode 3.2";
			hasScannedForEncodings = 1;
			mainGroup = 29B97314FDCFA39411CA2CEA /* TeaLeaf */;
			projectDirPath = "";
			projectRoot = "";
			targets = (
				8D1107260486CEB800E47090 /* TeaLeaf */,
				7DA93C201163BE4200323BF3 /* uk.co.swandrift.tealeaf */,
				7D673743118CC1E6002CCD49 /* UnitTests */,
			);
		};
/* End PBXProject section */

/* Begin PBXResourcesBuildPhase section */
		7D67373F118CC1E6002CCD49 /* Resources */ = {
			isa = PBXResourcesBuildPhase;
			buildActionMask = 2147483647;
			files = (
			);
			runOnlyForDeploymentPostprocessing = 0;
		};
		8D1107290486CEB800E47090 /* Resources */ = {
			isa = PBXResourcesBuildPhase;
			buildActionMask = 2147483647;
			files = (
				8D11072B0486CEB800E47090 /* InfoPlist.strings in Resources */,
				7D31D11E10F9DB7000DAFC6F /* MainMenu.xib in Resources */,
				7D1DD717114D230C00FE9FA3 /* FileServiceConfigView.xib in Resources */,
				7D1DD763114D76B600FE9FA3 /* daemon_started.png in Resources */,
				7D1DD764114D76B600FE9FA3 /* daemon_stopped.png in Resources */,
				7D4AB4991150C77D00C14940 /* ServiceTypes.plist in Resources */,
				7D3F68B21155263100008258 /* TwitterServiceConfigView.xib in Resources */,
				7D2B51A91156767200A68F2E /* Preferences.xib in Resources */,
			);
			runOnlyForDeploymentPostprocessing = 0;
		};
/* End PBXResourcesBuildPhase section */

/* Begin PBXShellScriptBuildPhase section */
		7D673742118CC1E6002CCD49 /* ShellScript */ = {
			isa = PBXShellScriptBuildPhase;
			buildActionMask = 2147483647;
			files = (
			);
			inputPaths = (
			);
			outputPaths = (
			);
			runOnlyForDeploymentPostprocessing = 0;
			shellPath = /bin/sh;
			shellScript = "# Run the unit tests in this test bundle.\n\"${SYSTEM_DEVELOPER_DIR}/Tools/RunUnitTests\"\n";
		};
/* End PBXShellScriptBuildPhase section */

/* Begin PBXSourcesBuildPhase section */
		7D673740118CC1E6002CCD49 /* Sources */ = {
			isa = PBXSourcesBuildPhase;
			buildActionMask = 2147483647;
			files = (
				7D722D46118CCE9A00648F39 /* Globals.m in Sources */,
				7D722D7A118CD72D00648F39 /* MessagingService.m in Sources */,
				7D722D77118CD71E00648F39 /* FileMessagingService.m in Sources */,
				7D722D09118CCCBD00648F39 /* TestFileMessagingService.m in Sources */,
				7D722DB9118CDE9D00648F39 /* NSString+UUID.m in Sources */,
			);
			runOnlyForDeploymentPostprocessing = 0;
		};
		7DA93C1E1163BE4200323BF3 /* Sources */ = {
			isa = PBXSourcesBuildPhase;
			buildActionMask = 2147483647;
			files = (
				7DA93C261163BE6900323BF3 /* MessagingService.m in Sources */,
				7D5D4AEE1163D9560087B95A /* Globals.m in Sources */,
				7DA93C271163BEA800323BF3 /* tealeafdaemon.m in Sources */,
				7D5D4AE31163D2920087B95A /* FileMessagingService.m in Sources */,
				7D5D4AE61163D3E20087B95A /* MessagingServicesManager.m in Sources */,
				7DA93C70116479CB00323BF3 /* MainController.m in Sources */,
				7D5D4B3411664B830087B95A /* NSString+UUID.m in Sources */,
			);
			runOnlyForDeploymentPostprocessing = 0;
		};
		8D11072C0486CEB800E47090 /* Sources */ = {
			isa = PBXSourcesBuildPhase;
			buildActionMask = 2147483647;
			files = (
				7D5D4AEF1163D9630087B95A /* Globals.m in Sources */,
				8D11072D0486CEB800E47090 /* main.m in Sources */,
				256AC3DA0F4B6AC300CF3369 /* TeaLeafAppDelegate.m in Sources */,
				7D1DD71A114D235E00FE9FA3 /* FileServiceConfigController.m in Sources */,
				7D0E04C71153B153007C3CFE /* ServiceConfigController.m in Sources */,
				7D3F68B11155263100008258 /* TwitterServiceConfigController.m in Sources */,
				7D2B51A71156762C00A68F2E /* PreferencesController.m in Sources */,
			);
			runOnlyForDeploymentPostprocessing = 0;
		};
/* End PBXSourcesBuildPhase section */

/* Begin PBXTargetDependency section */
		7D722E1D118CE82500648F39 /* PBXTargetDependency */ = {
			isa = PBXTargetDependency;
			target = 7D673743118CC1E6002CCD49 /* UnitTests */;
			targetProxy = 7D722E1C118CE82500648F39 /* PBXContainerItemProxy */;
		};
/* End PBXTargetDependency section */

/* Begin PBXVariantGroup section */
		089C165CFE840E0CC02AAC07 /* InfoPlist.strings */ = {
			isa = PBXVariantGroup;
			children = (
				089C165DFE840E0CC02AAC07 /* English */,
			);
			name = InfoPlist.strings;
			sourceTree = "<group>";
		};
/* End PBXVariantGroup section */

/* Begin XCBuildConfiguration section */
		7D673746118CC1E7002CCD49 /* Debug */ = {
			isa = XCBuildConfiguration;
			buildSettings = {
				ALWAYS_SEARCH_USER_PATHS = NO;
				COPY_PHASE_STRIP = NO;
				FRAMEWORK_SEARCH_PATHS = "$(DEVELOPER_LIBRARY_DIR)/Frameworks";
				GCC_DYNAMIC_NO_PIC = NO;
				GCC_ENABLE_FIX_AND_CONTINUE = NO;
				GCC_ENABLE_OBJC_EXCEPTIONS = YES;
				GCC_MODEL_TUNING = G5;
				GCC_OPTIMIZATION_LEVEL = 0;
				GCC_PRECOMPILE_PREFIX_HEADER = YES;
				GCC_PREFIX_HEADER = "$(SYSTEM_LIBRARY_DIR)/Frameworks/Cocoa.framework/Headers/Cocoa.h";
				INFOPLIST_FILE = "UnitTests-Info.plist";
				INSTALL_PATH = "$(USER_LIBRARY_DIR)/Bundles";
				OTHER_LDFLAGS = (
					"-framework",
					Cocoa,
					"-framework",
					SenTestingKit,
				);
				PREBINDING = NO;
				PRODUCT_NAME = UnitTests;
				WRAPPER_EXTENSION = octest;
			};
			name = Debug;
		};
		7D673747118CC1E7002CCD49 /* Release */ = {
			isa = XCBuildConfiguration;
			buildSettings = {
				ALWAYS_SEARCH_USER_PATHS = NO;
				COPY_PHASE_STRIP = YES;
				DEBUG_INFORMATION_FORMAT = "dwarf-with-dsym";
				FRAMEWORK_SEARCH_PATHS = "$(DEVELOPER_LIBRARY_DIR)/Frameworks";
				GCC_ENABLE_FIX_AND_CONTINUE = NO;
				GCC_ENABLE_OBJC_EXCEPTIONS = YES;
				GCC_MODEL_TUNING = G5;
				GCC_PRECOMPILE_PREFIX_HEADER = YES;
				GCC_PREFIX_HEADER = "$(SYSTEM_LIBRARY_DIR)/Frameworks/Cocoa.framework/Headers/Cocoa.h";
				INFOPLIST_FILE = "UnitTests-Info.plist";
				INSTALL_PATH = "$(USER_LIBRARY_DIR)/Bundles";
				OTHER_LDFLAGS = (
					"-framework",
					Cocoa,
					"-framework",
					SenTestingKit,
				);
				PREBINDING = NO;
				PRODUCT_NAME = UnitTests;
				WRAPPER_EXTENSION = octest;
				ZERO_LINK = NO;
			};
			name = Release;
		};
		7DA93C231163BE4500323BF3 /* Debug */ = {
			isa = XCBuildConfiguration;
			buildSettings = {
				ALWAYS_SEARCH_USER_PATHS = NO;
				COPY_PHASE_STRIP = NO;
				GCC_DYNAMIC_NO_PIC = NO;
				GCC_ENABLE_FIX_AND_CONTINUE = YES;
				GCC_MODEL_TUNING = G5;
				GCC_OPTIMIZATION_LEVEL = 0;
				GCC_PRECOMPILE_PREFIX_HEADER = YES;
				GCC_PREFIX_HEADER = "$(SYSTEM_LIBRARY_DIR)/Frameworks/AppKit.framework/Headers/AppKit.h";
				INSTALL_PATH = /usr/local/bin;
				OTHER_LDFLAGS = (
					"-framework",
					Foundation,
					"-framework",
					AppKit,
				);
				PREBINDING = NO;
				PRODUCT_NAME = uk.co.swandrift.tealeaf;
			};
			name = Debug;
		};
		7DA93C241163BE4500323BF3 /* Release */ = {
			isa = XCBuildConfiguration;
			buildSettings = {
				ALWAYS_SEARCH_USER_PATHS = NO;
				COPY_PHASE_STRIP = YES;
				DEBUG_INFORMATION_FORMAT = "dwarf-with-dsym";
				GCC_ENABLE_FIX_AND_CONTINUE = NO;
				GCC_MODEL_TUNING = G5;
				GCC_PRECOMPILE_PREFIX_HEADER = YES;
				GCC_PREFIX_HEADER = "$(SYSTEM_LIBRARY_DIR)/Frameworks/AppKit.framework/Headers/AppKit.h";
				INSTALL_PATH = /usr/local/bin;
				OTHER_LDFLAGS = (
					"-framework",
					Foundation,
					"-framework",
					AppKit,
				);
				PREBINDING = NO;
				PRODUCT_NAME = uk.co.swandrift.tealeaf;
				ZERO_LINK = NO;
			};
			name = Release;
		};
		C01FCF4B08A954540054247B /* Debug */ = {
			isa = XCBuildConfiguration;
			buildSettings = {
				ALWAYS_SEARCH_USER_PATHS = NO;
				COPY_PHASE_STRIP = NO;
				CURRENT_PROJECT_VERSION = 2;
				FRAMEWORK_SEARCH_PATHS = (
					"$(inherited)",
					"\"$(SRCROOT)/../../BWToolkit\"",
				);
				GCC_DYNAMIC_NO_PIC = NO;
				GCC_ENABLE_FIX_AND_CONTINUE = YES;
				GCC_MODEL_TUNING = G5;
				GCC_OPTIMIZATION_LEVEL = 0;
				GCC_PRECOMPILE_PREFIX_HEADER = YES;
				GCC_PREFIX_HEADER = TeaLeaf_Prefix.pch;
				INFOPLIST_FILE = "TeaLeaf-Info.plist";
				INSTALL_PATH = "$(HOME)/Applications";
				PRODUCT_NAME = TeaLeaf;
				VERSIONING_SYSTEM = "apple-generic";
				VERSION_INFO_PREFIX = RBT;
			};
			name = Debug;
		};
		C01FCF4C08A954540054247B /* Release */ = {
			isa = XCBuildConfiguration;
			buildSettings = {
				ALWAYS_SEARCH_USER_PATHS = NO;
				CURRENT_PROJECT_VERSION = 2;
				DEBUG_INFORMATION_FORMAT = "dwarf-with-dsym";
				FRAMEWORK_SEARCH_PATHS = (
					"$(inherited)",
					"\"$(SRCROOT)/../../BWToolkit\"",
				);
				GCC_MODEL_TUNING = G5;
				GCC_PRECOMPILE_PREFIX_HEADER = YES;
				GCC_PREFIX_HEADER = TeaLeaf_Prefix.pch;
				INFOPLIST_FILE = "TeaLeaf-Info.plist";
				INSTALL_PATH = "$(HOME)/Applications";
				PRODUCT_NAME = TeaLeaf;
				VERSIONING_SYSTEM = "apple-generic";
				VERSION_INFO_PREFIX = RBT;
			};
			name = Release;
		};
		C01FCF4F08A954540054247B /* Debug */ = {
			isa = XCBuildConfiguration;
			buildSettings = {
				ARCHS = "$(ARCHS_STANDARD_32_64_BIT)";
				GCC_C_LANGUAGE_STANDARD = gnu99;
				GCC_OPTIMIZATION_LEVEL = 0;
				GCC_WARN_ABOUT_RETURN_TYPE = YES;
				GCC_WARN_UNUSED_VARIABLE = YES;
				ONLY_ACTIVE_ARCH = YES;
				PREBINDING = NO;
				SDKROOT = macosx10.6;
			};
			name = Debug;
		};
		C01FCF5008A954540054247B /* Release */ = {
			isa = XCBuildConfiguration;
			buildSettings = {
				ARCHS = "$(ARCHS_STANDARD_32_64_BIT)";
				GCC_C_LANGUAGE_STANDARD = gnu99;
				GCC_WARN_ABOUT_RETURN_TYPE = YES;
				GCC_WARN_UNUSED_VARIABLE = YES;
				PREBINDING = NO;
				SDKROOT = macosx10.6;
			};
			name = Release;
		};
/* End XCBuildConfiguration section */

/* Begin XCConfigurationList section */
		7D673748118CC1E7002CCD49 /* Build configuration list for PBXNativeTarget "UnitTests" */ = {
			isa = XCConfigurationList;
			buildConfigurations = (
				7D673746118CC1E7002CCD49 /* Debug */,
				7D673747118CC1E7002CCD49 /* Release */,
			);
			defaultConfigurationIsVisible = 0;
			defaultConfigurationName = Release;
		};
		7DA93C251163BE6300323BF3 /* Build configuration list for PBXNativeTarget "uk.co.swandrift.tealeaf" */ = {
			isa = XCConfigurationList;
			buildConfigurations = (
				7DA93C231163BE4500323BF3 /* Debug */,
				7DA93C241163BE4500323BF3 /* Release */,
			);
			defaultConfigurationIsVisible = 0;
			defaultConfigurationName = Release;
		};
		C01FCF4A08A954540054247B /* Build configuration list for PBXNativeTarget "TeaLeaf" */ = {
			isa = XCConfigurationList;
			buildConfigurations = (
				C01FCF4B08A954540054247B /* Debug */,
				C01FCF4C08A954540054247B /* Release */,
			);
			defaultConfigurationIsVisible = 0;
			defaultConfigurationName = Release;
		};
		C01FCF4E08A954540054247B /* Build configuration list for PBXProject "TeaLeaf" */ = {
			isa = XCConfigurationList;
			buildConfigurations = (
				C01FCF4F08A954540054247B /* Debug */,
				C01FCF5008A954540054247B /* Release */,
			);
			defaultConfigurationIsVisible = 0;
			defaultConfigurationName = Release;
		};
/* End XCConfigurationList section */
	};
	rootObject = 29B97313FDCFA39411CA2CEA /* Project object */;
}
